
Microsoft Visual Studio Solution File, Format Version 12.00
# Visual Studio Version 16
VisualStudioVersion = 16.0.30011.22
MinimumVisualStudioVersion = 10.0.40219.1
Project("{FAE04EC0-301F-11D3-BF4B-00C04F79EFBC}") = "Fluxus", "Fluxus\Fluxus.csproj", "{84562FE5-3951-4E16-B713-95B6A6CB2CD4}"
EndProject
Project("{FAE04EC0-301F-11D3-BF4B-00C04F79EFBC}") = "API", "API\API\API.csproj", "{24E5C4C2-EF13-4CEE-827C-C353C92AB62F}"
EndProject
Global
	GlobalSection(SolutionConfigurationPlatforms) = preSolution
		Debug|Any CPU = Debug|Any CPU
		Release|Any CPU = Release|Any CPU
	EndGlobalSection
	GlobalSection(ProjectConfigurationPlatforms) = postSolution
		{84562FE5-3951-4E16-B713-95B6A6CB2CD4}.Debug|Any CPU.ActiveCfg = Debug|Any CPU
		{84562FE5-3951-4E16-B713-95B6A6CB2CD4}.Debug|Any CPU.Build.0 = Debug|Any CPU
		{84562FE5-3951-4E16-B713-95B6A6CB2CD4}.Release|Any CPU.ActiveCfg = Release|Any CPU
		{84562FE5-3951-4E16-B713-95B6A6CB2CD4}.Release|Any CPU.Build.0 = Release|Any CPU
		{24E5C4C2-EF13-4CEE-827C-C353C92AB62F}.Debug|Any CPU.ActiveCfg = Debug|Any CPU
		{24E5C4C2-EF13-4CEE-827C-C353C92AB62F}.Debug|Any CPU.Build.0 = Debug|Any CPU
		{24E5C4C2-EF13-4CEE-827C-C353C92AB62F}.Release|Any CPU.ActiveCfg = Release|Any CPU
		{24E5C4C2-EF13-4CEE-827C-C353C92AB62F}.Release|Any CPU.Build.0 = Release|Any CPU
	EndGlobalSection
	GlobalSection(SolutionProperties) = preSolution
		HideSolutionNode = FALSE
	EndGlobalSection
	GlobalSection(ExtensibilityGlobals) = postSolution
		SolutionGuid = {3586B96A-4AA1-4E5F-BA6F-82A72ECB286D}
	EndGlobalSection
EndGlobal
